
Microsoft Visual Studio Solution File, Format Version 12.00
# Visual Studio Version 17
VisualStudioVersion = 17.8.34408.163
MinimumVisualStudioVersion = 10.0.40219.1
Project("{2150E333-8FDC-42A3-9474-1A3956D46DE8}") = "src", "src", "{84F57241-CD29-48ED-9E33-D0B9B389F1F3}"
EndProject
Project("{2150E333-8FDC-42A3-9474-1A3956D46DE8}") = "Api", "Api", "{E9BD8A2D-D311-43BF-9AB8-A867FF992F51}"
EndProject
Project("{2150E333-8FDC-42A3-9474-1A3956D46DE8}") = "Client", "Client", "{92A4A7B8-00C6-454B-B8BE-16B7521E59E9}"
EndProject
Project("{2150E333-8FDC-42A3-9474-1A3956D46DE8}") = "Common", "Common", "{73B40529-EA46-4BDF-AF02-F0924DE28103}"
EndProject
Project("{2150E333-8FDC-42A3-9474-1A3956D46DE8}") = "Projections", "Projections", "{C39F676A-DEED-49D3-9C60-8E895023C286}"
EndProject
Project("{2150E333-8FDC-42A3-9474-1A3956D46DE8}") = "Core", "Core", "{8E020F0F-0E02-44EC-9FD6-9428541DF8A8}"
EndProject
Project("{2150E333-8FDC-42A3-9474-1A3956D46DE8}") = "Infrastructure", "Infrastructure", "{C21574A2-EB73-425B-98CC-62F76004593E}"
EndProject
Project("{2150E333-8FDC-42A3-9474-1A3956D46DE8}") = "WebAPI", "WebAPI", "{1A416476-5615-4379-9A3F-8C552DBCD490}"
EndProject
Project("{9A19103F-16F7-4668-BE54-9A1E7A4F7556}") = "ECommerce.Api.Application", "src\Api\Core\ECommerce.Api.Application\ECommerce.Api.Application.csproj", "{D69A206F-7883-4078-8B24-BA91291627F0}"
EndProject
Project("{9A19103F-16F7-4668-BE54-9A1E7A4F7556}") = "ECommerce.Api.Domain", "src\Api\Core\ECommerce.Api.Domain\ECommerce.Api.Domain.csproj", "{47DF0E3A-9065-4B00-8194-06418AA2F1CA}"
EndProject
Project("{9A19103F-16F7-4668-BE54-9A1E7A4F7556}") = "ECommerce.Infrastructure.Persistence", "src\Api\Infrastructure\ECommerce.Infrastructure.Persistence\ECommerce.Infrastructure.Persistence.csproj", "{E45DA2B4-D000-4392-8784-4CD18D614A7D}"
EndProject
Project("{2150E333-8FDC-42A3-9474-1A3956D46DE8}") = "Web", "Web", "{CC3556E6-9C51-49EA-8A3E-FD5C414EB80E}"
EndProject
Project("{9A19103F-16F7-4668-BE54-9A1E7A4F7556}") = "ECommerce.Common", "src\Common\ECommerce.Common\ECommerce.Common.csproj", "{4D323997-8984-4AAD-A6B7-D771B7F727A4}"
EndProject
Project("{9A19103F-16F7-4668-BE54-9A1E7A4F7556}") = "ECommerce.Api.WebAPI", "src\Api\WebAPI\ECommerce.Api.WebAPI\ECommerce.Api.WebAPI.csproj", "{00593253-7BC8-4A86-BA4F-77EAC3D5B89C}"
EndProject
Project("{9A19103F-16F7-4668-BE54-9A1E7A4F7556}") = "ECommerce.Web", "src\Clients\Web\ECommerce.Web\ECommerce.Web.csproj", "{F7F60051-4C3F-4021-A20E-CBA2332BEAE9}"
EndProject
Global
	GlobalSection(SolutionConfigurationPlatforms) = preSolution
		Debug|Any CPU = Debug|Any CPU
		Release|Any CPU = Release|Any CPU
	EndGlobalSection
	GlobalSection(ProjectConfigurationPlatforms) = postSolution
		{D69A206F-7883-4078-8B24-BA91291627F0}.Debug|Any CPU.ActiveCfg = Debug|Any CPU
		{D69A206F-7883-4078-8B24-BA91291627F0}.Debug|Any CPU.Build.0 = Debug|Any CPU
		{D69A206F-7883-4078-8B24-BA91291627F0}.Release|Any CPU.ActiveCfg = Release|Any CPU
		{D69A206F-7883-4078-8B24-BA91291627F0}.Release|Any CPU.Build.0 = Release|Any CPU
		{47DF0E3A-9065-4B00-8194-06418AA2F1CA}.Debug|Any CPU.ActiveCfg = Debug|Any CPU
		{47DF0E3A-9065-4B00-8194-06418AA2F1CA}.Debug|Any CPU.Build.0 = Debug|Any CPU
		{47DF0E3A-9065-4B00-8194-06418AA2F1CA}.Release|Any CPU.ActiveCfg = Release|Any CPU
		{47DF0E3A-9065-4B00-8194-06418AA2F1CA}.Release|Any CPU.Build.0 = Release|Any CPU
		{E45DA2B4-D000-4392-8784-4CD18D614A7D}.Debug|Any CPU.ActiveCfg = Debug|Any CPU
		{E45DA2B4-D000-4392-8784-4CD18D614A7D}.Debug|Any CPU.Build.0 = Debug|Any CPU
		{E45DA2B4-D000-4392-8784-4CD18D614A7D}.Release|Any CPU.ActiveCfg = Release|Any CPU
		{E45DA2B4-D000-4392-8784-4CD18D614A7D}.Release|Any CPU.Build.0 = Release|Any CPU
		{4D323997-8984-4AAD-A6B7-D771B7F727A4}.Debug|Any CPU.ActiveCfg = Debug|Any CPU
		{4D323997-8984-4AAD-A6B7-D771B7F727A4}.Debug|Any CPU.Build.0 = Debug|Any CPU
		{4D323997-8984-4AAD-A6B7-D771B7F727A4}.Release|Any CPU.ActiveCfg = Release|Any CPU
		{4D323997-8984-4AAD-A6B7-D771B7F727A4}.Release|Any CPU.Build.0 = Release|Any CPU
		{00593253-7BC8-4A86-BA4F-77EAC3D5B89C}.Debug|Any CPU.ActiveCfg = Debug|Any CPU
		{00593253-7BC8-4A86-BA4F-77EAC3D5B89C}.Debug|Any CPU.Build.0 = Debug|Any CPU
		{00593253-7BC8-4A86-BA4F-77EAC3D5B89C}.Release|Any CPU.ActiveCfg = Release|Any CPU
		{00593253-7BC8-4A86-BA4F-77EAC3D5B89C}.Release|Any CPU.Build.0 = Release|Any CPU
		{F7F60051-4C3F-4021-A20E-CBA2332BEAE9}.Debug|Any CPU.ActiveCfg = Debug|Any CPU
		{F7F60051-4C3F-4021-A20E-CBA2332BEAE9}.Debug|Any CPU.Build.0 = Debug|Any CPU
		{F7F60051-4C3F-4021-A20E-CBA2332BEAE9}.Release|Any CPU.ActiveCfg = Release|Any CPU
		{F7F60051-4C3F-4021-A20E-CBA2332BEAE9}.Release|Any CPU.Build.0 = Release|Any CPU
	EndGlobalSection
	GlobalSection(SolutionProperties) = preSolution
		HideSolutionNode = FALSE
	EndGlobalSection
	GlobalSection(NestedProjects) = preSolution
		{E9BD8A2D-D311-43BF-9AB8-A867FF992F51} = {84F57241-CD29-48ED-9E33-D0B9B389F1F3}
		{92A4A7B8-00C6-454B-B8BE-16B7521E59E9} = {84F57241-CD29-48ED-9E33-D0B9B389F1F3}
		{73B40529-EA46-4BDF-AF02-F0924DE28103} = {84F57241-CD29-48ED-9E33-D0B9B389F1F3}
		{C39F676A-DEED-49D3-9C60-8E895023C286} = {84F57241-CD29-48ED-9E33-D0B9B389F1F3}
		{8E020F0F-0E02-44EC-9FD6-9428541DF8A8} = {E9BD8A2D-D311-43BF-9AB8-A867FF992F51}
		{C21574A2-EB73-425B-98CC-62F76004593E} = {E9BD8A2D-D311-43BF-9AB8-A867FF992F51}
		{1A416476-5615-4379-9A3F-8C552DBCD490} = {E9BD8A2D-D311-43BF-9AB8-A867FF992F51}
		{D69A206F-7883-4078-8B24-BA91291627F0} = {8E020F0F-0E02-44EC-9FD6-9428541DF8A8}
		{47DF0E3A-9065-4B00-8194-06418AA2F1CA} = {8E020F0F-0E02-44EC-9FD6-9428541DF8A8}
		{E45DA2B4-D000-4392-8784-4CD18D614A7D} = {C21574A2-EB73-425B-98CC-62F76004593E}
		{CC3556E6-9C51-49EA-8A3E-FD5C414EB80E} = {92A4A7B8-00C6-454B-B8BE-16B7521E59E9}
		{4D323997-8984-4AAD-A6B7-D771B7F727A4} = {73B40529-EA46-4BDF-AF02-F0924DE28103}
		{00593253-7BC8-4A86-BA4F-77EAC3D5B89C} = {1A416476-5615-4379-9A3F-8C552DBCD490}
		{F7F60051-4C3F-4021-A20E-CBA2332BEAE9} = {CC3556E6-9C51-49EA-8A3E-FD5C414EB80E}
	EndGlobalSection
	GlobalSection(ExtensibilityGlobals) = postSolution
		SolutionGuid = {1C67B6F1-044A-4612-934E-6042FFCC394B}
	EndGlobalSection
EndGlobal
